
Microsoft Visual Studio Solution File, Format Version 12.00
# Visual Studio Version 16
VisualStudioVersion = 16.0.30804.86
MinimumVisualStudioVersion = 10.0.40219.1
Project("{8BC9CEB8-8B4A-11D0-8D11-00A0C91BC942}") = "MyFirstProject", "MyFirstProject\MyFirstProject.vcxproj", "{36876456-0716-4A03-B4F3-0D843CCC354C}"
EndProject
Project("{8BC9CEB8-8B4A-11D0-8D11-00A0C91BC942}") = "MySecondProject", "MySecondProject\MySecondProject.vcxproj", "{AF8420BE-9B29-4AD7-AD4D-1AA980B424E2}"
EndProject
Project("{8BC9CEB8-8B4A-11D0-8D11-00A0C91BC942}") = "MyThirdProject", "MyThirdProject\MyThirdProject.vcxproj", "{DF780516-C56C-457E-ADB7-3592632F4DE2}"
EndProject
Global
	GlobalSection(SolutionConfigurationPlatforms) = preSolution
		Debug|x64 = Debug|x64
		Debug|x86 = Debug|x86
		Release|x64 = Release|x64
		Release|x86 = Release|x86
	EndGlobalSection
	GlobalSection(ProjectConfigurationPlatforms) = postSolution
		{36876456-0716-4A03-B4F3-0D843CCC354C}.Debug|x64.ActiveCfg = Debug|x64
		{36876456-0716-4A03-B4F3-0D843CCC354C}.Debug|x64.Build.0 = Debug|x64
		{36876456-0716-4A03-B4F3-0D843CCC354C}.Debug|x86.ActiveCfg = Debug|Win32
		{36876456-0716-4A03-B4F3-0D843CCC354C}.Debug|x86.Build.0 = Debug|Win32
		{36876456-0716-4A03-B4F3-0D843CCC354C}.Release|x64.ActiveCfg = Release|x64
		{36876456-0716-4A03-B4F3-0D843CCC354C}.Release|x64.Build.0 = Release|x64
		{36876456-0716-4A03-B4F3-0D843CCC354C}.Release|x86.ActiveCfg = Release|Win32
		{36876456-0716-4A03-B4F3-0D843CCC354C}.Release|x86.Build.0 = Release|Win32
		{AF8420BE-9B29-4AD7-AD4D-1AA980B424E2}.Debug|x64.ActiveCfg = Debug|x64
		{AF8420BE-9B29-4AD7-AD4D-1AA980B424E2}.Debug|x64.Build.0 = Debug|x64
		{AF8420BE-9B29-4AD7-AD4D-1AA980B424E2}.Debug|x86.ActiveCfg = Debug|Win32
		{AF8420BE-9B29-4AD7-AD4D-1AA980B424E2}.Debug|x86.Build.0 = Debug|Win32
		{AF8420BE-9B29-4AD7-AD4D-1AA980B424E2}.Release|x64.ActiveCfg = Release|x64
		{AF8420BE-9B29-4AD7-AD4D-1AA980B424E2}.Release|x64.Build.0 = Release|x64
		{AF8420BE-9B29-4AD7-AD4D-1AA980B424E2}.Release|x86.ActiveCfg = Release|Win32
		{AF8420BE-9B29-4AD7-AD4D-1AA980B424E2}.Release|x86.Build.0 = Release|Win32
		{DF780516-C56C-457E-ADB7-3592632F4DE2}.Debug|x64.ActiveCfg = Debug|x64
		{DF780516-C56C-457E-ADB7-3592632F4DE2}.Debug|x64.Build.0 = Debug|x64
		{DF780516-C56C-457E-ADB7-3592632F4DE2}.Debug|x86.ActiveCfg = Debug|Win32
		{DF780516-C56C-457E-ADB7-3592632F4DE2}.Debug|x86.Build.0 = Debug|Win32
		{DF780516-C56C-457E-ADB7-3592632F4DE2}.Release|x64.ActiveCfg = Release|x64
		{DF780516-C56C-457E-ADB7-3592632F4DE2}.Release|x64.Build.0 = Release|x64
		{DF780516-C56C-457E-ADB7-3592632F4DE2}.Release|x86.ActiveCfg = Release|Win32
		{DF780516-C56C-457E-ADB7-3592632F4DE2}.Release|x86.Build.0 = Release|Win32
	EndGlobalSection
	GlobalSection(SolutionProperties) = preSolution
		HideSolutionNode = FALSE
	EndGlobalSection
	GlobalSection(ExtensibilityGlobals) = postSolution
		SolutionGuid = {E02DCEF4-211D-4A98-BF90-57B5B8A69D50}
	EndGlobalSection
EndGlobal
